
Microsoft Visual Studio Solution File, Format Version 12.00
# Visual Studio Version 17
VisualStudioVersion = 17.7.34031.279
MinimumVisualStudioVersion = 10.0.40219.1
Project("{FAE04EC0-301F-11D3-BF4B-00C04F79EFBC}") = "Examen1", "Examen1.csproj", "{CF38F359-D4BB-474C-8C41-AA27166DE1C6}"
EndProject
Global
	GlobalSection(SolutionConfigurationPlatforms) = preSolution
		Debug|Any CPU = Debug|Any CPU
		Release|Any CPU = Release|Any CPU
	EndGlobalSection
	GlobalSection(ProjectConfigurationPlatforms) = postSolution
		{CF38F359-D4BB-474C-8C41-AA27166DE1C6}.Debug|Any CPU.ActiveCfg = Debug|Any CPU
		{CF38F359-D4BB-474C-8C41-AA27166DE1C6}.Debug|Any CPU.Build.0 = Debug|Any CPU
		{CF38F359-D4BB-474C-8C41-AA27166DE1C6}.Release|Any CPU.ActiveCfg = Release|Any CPU
		{CF38F359-D4BB-474C-8C41-AA27166DE1C6}.Release|Any CPU.Build.0 = Release|Any CPU
	EndGlobalSection
	GlobalSection(SolutionProperties) = preSolution
		HideSolutionNode = FALSE
	EndGlobalSection
	GlobalSection(ExtensibilityGlobals) = postSolution
		SolutionGuid = {FDD30E20-7FD7-4FD2-BC4D-5B858AB9FB2E}
	EndGlobalSection
EndGlobal
